
Microsoft Visual Studio Solution File, Format Version 12.00
# Visual Studio Version 16
VisualStudioVersion = 16.0.29424.173
MinimumVisualStudioVersion = 10.0.40219.1
Project("{FAE04EC0-301F-11D3-BF4B-00C04F79EFBC}") = "Exercises01", "Exercises01.csproj", "{B963EBF4-76E8-4A87-A621-E0464A5EA175}"
EndProject
Global
	GlobalSection(SolutionConfigurationPlatforms) = preSolution
		Debug|Any CPU = Debug|Any CPU
		Release|Any CPU = Release|Any CPU
	EndGlobalSection
	GlobalSection(ProjectConfigurationPlatforms) = postSolution
		{B963EBF4-76E8-4A87-A621-E0464A5EA175}.Debug|Any CPU.ActiveCfg = Debug|Any CPU
		{B963EBF4-76E8-4A87-A621-E0464A5EA175}.Debug|Any CPU.Build.0 = Debug|Any CPU
		{B963EBF4-76E8-4A87-A621-E0464A5EA175}.Release|Any CPU.ActiveCfg = Release|Any CPU
		{B963EBF4-76E8-4A87-A621-E0464A5EA175}.Release|Any CPU.Build.0 = Release|Any CPU
	EndGlobalSection
	GlobalSection(SolutionProperties) = preSolution
		HideSolutionNode = FALSE
	EndGlobalSection
	GlobalSection(ExtensibilityGlobals) = postSolution
		SolutionGuid = {869D82A5-9CC4-43A5-A261-B4B1CB32D920}
	EndGlobalSection
EndGlobal
